
Microsoft Visual Studio Solution File, Format Version 12.00
# Visual Studio 15
VisualStudioVersion = 15.0.27703.2000
MinimumVisualStudioVersion = 10.0.40219.1
Project("{FAE04EC0-301F-11D3-BF4B-00C04F79EFBC}") = "Fludop", "Fludop\Fludop.csproj", "{7848584F-E86C-48C9-B822-CB572C1029F8}"
EndProject
Project("{FAE04EC0-301F-11D3-BF4B-00C04F79EFBC}") = "Fludop.Console", "Fludop.Console\Fludop.Console.csproj", "{0FC60ED6-BE6C-43E6-A292-A0D67FBAA124}"
EndProject
Global
	GlobalSection(SolutionConfigurationPlatforms) = preSolution
		Debug|Any CPU = Debug|Any CPU
		Release|Any CPU = Release|Any CPU
	EndGlobalSection
	GlobalSection(ProjectConfigurationPlatforms) = postSolution
		{7848584F-E86C-48C9-B822-CB572C1029F8}.Debug|Any CPU.ActiveCfg = Debug|Any CPU
		{7848584F-E86C-48C9-B822-CB572C1029F8}.Debug|Any CPU.Build.0 = Debug|Any CPU
		{7848584F-E86C-48C9-B822-CB572C1029F8}.Release|Any CPU.ActiveCfg = Release|Any CPU
		{7848584F-E86C-48C9-B822-CB572C1029F8}.Release|Any CPU.Build.0 = Release|Any CPU
		{0FC60ED6-BE6C-43E6-A292-A0D67FBAA124}.Debug|Any CPU.ActiveCfg = Debug|Any CPU
		{0FC60ED6-BE6C-43E6-A292-A0D67FBAA124}.Debug|Any CPU.Build.0 = Debug|Any CPU
		{0FC60ED6-BE6C-43E6-A292-A0D67FBAA124}.Release|Any CPU.ActiveCfg = Release|Any CPU
		{0FC60ED6-BE6C-43E6-A292-A0D67FBAA124}.Release|Any CPU.Build.0 = Release|Any CPU
	EndGlobalSection
	GlobalSection(SolutionProperties) = preSolution
		HideSolutionNode = FALSE
	EndGlobalSection
	GlobalSection(ExtensibilityGlobals) = postSolution
		SolutionGuid = {753AEFB3-0E11-42EF-AB90-EACCCDCCDF0C}
	EndGlobalSection
EndGlobal
